
Microsoft Visual Studio Solution File, Format Version 12.00
# Visual Studio 15
VisualStudioVersion = 15.0.28307.1169
MinimumVisualStudioVersion = 10.0.40219.1
Project("{FAE04EC0-301F-11D3-BF4B-00C04F79EFBC}") = "WindowsFormsApp1", "WindowsFormsApp1\WindowsFormsApp1.csproj", "{97038F48-ACD5-4CDB-B31A-9B8409681941}"
EndProject
Global
	GlobalSection(SolutionConfigurationPlatforms) = preSolution
		Debug|Any CPU = Debug|Any CPU
		Release|Any CPU = Release|Any CPU
	EndGlobalSection
	GlobalSection(ProjectConfigurationPlatforms) = postSolution
		{97038F48-ACD5-4CDB-B31A-9B8409681941}.Debug|Any CPU.ActiveCfg = Debug|Any CPU
		{97038F48-ACD5-4CDB-B31A-9B8409681941}.Debug|Any CPU.Build.0 = Debug|Any CPU
		{97038F48-ACD5-4CDB-B31A-9B8409681941}.Release|Any CPU.ActiveCfg = Release|Any CPU
		{97038F48-ACD5-4CDB-B31A-9B8409681941}.Release|Any CPU.Build.0 = Release|Any CPU
	EndGlobalSection
	GlobalSection(SolutionProperties) = preSolution
		HideSolutionNode = FALSE
	EndGlobalSection
	GlobalSection(ExtensibilityGlobals) = postSolution
		SolutionGuid = {CFA7FFDD-80C6-4AC0-9400-387A6430F608}
	EndGlobalSection
EndGlobal
